
Microsoft Visual Studio Solution File, Format Version 12.00
# Visual Studio 15
VisualStudioVersion = 15.0.26430.6
MinimumVisualStudioVersion = 10.0.40219.1
Project("{FAE04EC0-301F-11D3-BF4B-00C04F79EFBC}") = "police station manangement system", "police station manangement system\police station manangement system.csproj", "{35B5F55F-6300-42DE-8A57-8DE534F2CD2F}"
EndProject
Global
	GlobalSection(SolutionConfigurationPlatforms) = preSolution
		Debug|Any CPU = Debug|Any CPU
		Release|Any CPU = Release|Any CPU
	EndGlobalSection
	GlobalSection(ProjectConfigurationPlatforms) = postSolution
		{35B5F55F-6300-42DE-8A57-8DE534F2CD2F}.Debug|Any CPU.ActiveCfg = Debug|Any CPU
		{35B5F55F-6300-42DE-8A57-8DE534F2CD2F}.Debug|Any CPU.Build.0 = Debug|Any CPU
		{35B5F55F-6300-42DE-8A57-8DE534F2CD2F}.Release|Any CPU.ActiveCfg = Release|Any CPU
		{35B5F55F-6300-42DE-8A57-8DE534F2CD2F}.Release|Any CPU.Build.0 = Release|Any CPU
	EndGlobalSection
	GlobalSection(SolutionProperties) = preSolution
		HideSolutionNode = FALSE
	EndGlobalSection
EndGlobal
